
Microsoft Visual Studio Solution File, Format Version 12.00
# Visual Studio 15
VisualStudioVersion = 15.0.27004.2005
MinimumVisualStudioVersion = 10.0.40219.1
Project("{FAE04EC0-301F-11D3-BF4B-00C04F79EFBC}") = "PointOfContact", "PointOfContact\PointOfContact.csproj", "{8E88FB58-8C34-4B9C-B43B-BC3BDD6DC1C3}"
EndProject
Project("{FAE04EC0-301F-11D3-BF4B-00C04F79EFBC}") = "DatabaseService", "Database\DatabaseService.csproj", "{845EA685-DA07-4887-BB62-981C4A04E082}"
EndProject
Project("{9A19103F-16F7-4668-BE54-9A1E7A4F7556}") = "BDTest", "BDTest\BDTest.csproj", "{FFC51292-3657-44CA-B6EA-F035A16B9658}"
EndProject
Project("{FAE04EC0-301F-11D3-BF4B-00C04F79EFBC}") = "MessagesLibrary", "MessagesLibrary\MessagesLibrary.csproj", "{14EC3E49-C781-4CF9-B280-CFB9AD51CEDC}"
EndProject
Global
	GlobalSection(SolutionConfigurationPlatforms) = preSolution
		Debug|Any CPU = Debug|Any CPU
		Release|Any CPU = Release|Any CPU
	EndGlobalSection
	GlobalSection(ProjectConfigurationPlatforms) = postSolution
		{8E88FB58-8C34-4B9C-B43B-BC3BDD6DC1C3}.Debug|Any CPU.ActiveCfg = Debug|Any CPU
		{8E88FB58-8C34-4B9C-B43B-BC3BDD6DC1C3}.Debug|Any CPU.Build.0 = Debug|Any CPU
		{8E88FB58-8C34-4B9C-B43B-BC3BDD6DC1C3}.Release|Any CPU.ActiveCfg = Release|Any CPU
		{8E88FB58-8C34-4B9C-B43B-BC3BDD6DC1C3}.Release|Any CPU.Build.0 = Release|Any CPU
		{845EA685-DA07-4887-BB62-981C4A04E082}.Debug|Any CPU.ActiveCfg = Debug|Any CPU
		{845EA685-DA07-4887-BB62-981C4A04E082}.Debug|Any CPU.Build.0 = Debug|Any CPU
		{845EA685-DA07-4887-BB62-981C4A04E082}.Release|Any CPU.ActiveCfg = Release|Any CPU
		{845EA685-DA07-4887-BB62-981C4A04E082}.Release|Any CPU.Build.0 = Release|Any CPU
		{FFC51292-3657-44CA-B6EA-F035A16B9658}.Debug|Any CPU.ActiveCfg = Debug|Any CPU
		{FFC51292-3657-44CA-B6EA-F035A16B9658}.Debug|Any CPU.Build.0 = Debug|Any CPU
		{FFC51292-3657-44CA-B6EA-F035A16B9658}.Release|Any CPU.ActiveCfg = Release|Any CPU
		{FFC51292-3657-44CA-B6EA-F035A16B9658}.Release|Any CPU.Build.0 = Release|Any CPU
		{14EC3E49-C781-4CF9-B280-CFB9AD51CEDC}.Debug|Any CPU.ActiveCfg = Debug|Any CPU
		{14EC3E49-C781-4CF9-B280-CFB9AD51CEDC}.Debug|Any CPU.Build.0 = Debug|Any CPU
		{14EC3E49-C781-4CF9-B280-CFB9AD51CEDC}.Release|Any CPU.ActiveCfg = Release|Any CPU
		{14EC3E49-C781-4CF9-B280-CFB9AD51CEDC}.Release|Any CPU.Build.0 = Release|Any CPU
	EndGlobalSection
	GlobalSection(SolutionProperties) = preSolution
		HideSolutionNode = FALSE
	EndGlobalSection
	GlobalSection(ExtensibilityGlobals) = postSolution
		SolutionGuid = {17048709-94D5-448F-A0D9-7A88003C9D53}
	EndGlobalSection
EndGlobal
